
Microsoft Visual Studio Solution File, Format Version 12.00
# Visual Studio Version 16
VisualStudioVersion = 16.0.29326.143
MinimumVisualStudioVersion = 10.0.40219.1
Project("{FAE04EC0-301F-11D3-BF4B-00C04F79EFBC}") = "Project_ChessWithInterface", "Project_ChessWithInterface.csproj", "{60B5290B-3507-488B-B68E-83729234137D}"
EndProject
Global
	GlobalSection(SolutionConfigurationPlatforms) = preSolution
		Debug|Any CPU = Debug|Any CPU
		Release|Any CPU = Release|Any CPU
	EndGlobalSection
	GlobalSection(ProjectConfigurationPlatforms) = postSolution
		{60B5290B-3507-488B-B68E-83729234137D}.Debug|Any CPU.ActiveCfg = Debug|Any CPU
		{60B5290B-3507-488B-B68E-83729234137D}.Debug|Any CPU.Build.0 = Debug|Any CPU
		{60B5290B-3507-488B-B68E-83729234137D}.Release|Any CPU.ActiveCfg = Release|Any CPU
		{60B5290B-3507-488B-B68E-83729234137D}.Release|Any CPU.Build.0 = Release|Any CPU
	EndGlobalSection
	GlobalSection(SolutionProperties) = preSolution
		HideSolutionNode = FALSE
	EndGlobalSection
	GlobalSection(ExtensibilityGlobals) = postSolution
		SolutionGuid = {366F409D-BDFE-4C5C-81BF-88E7B879C057}
	EndGlobalSection
EndGlobal
